
Microsoft Visual Studio Solution File, Format Version 12.00
# Visual Studio Version 17
VisualStudioVersion = 17.5.002.0
MinimumVisualStudioVersion = 10.0.40219.1
Project("{9A19103F-16F7-4668-BE54-9A1E7A4F7556}") = "WolfContract", "WolfContract.csproj", "{35F9ECE3-096B-4AAC-8A58-94D759CCAD6A}"
EndProject
Global
	GlobalSection(SolutionConfigurationPlatforms) = preSolution
		Debug|Any CPU = Debug|Any CPU
		Release|Any CPU = Release|Any CPU
	EndGlobalSection
	GlobalSection(ProjectConfigurationPlatforms) = postSolution
		{35F9ECE3-096B-4AAC-8A58-94D759CCAD6A}.Debug|Any CPU.ActiveCfg = Debug|Any CPU
		{35F9ECE3-096B-4AAC-8A58-94D759CCAD6A}.Debug|Any CPU.Build.0 = Debug|Any CPU
		{35F9ECE3-096B-4AAC-8A58-94D759CCAD6A}.Release|Any CPU.ActiveCfg = Release|Any CPU
		{35F9ECE3-096B-4AAC-8A58-94D759CCAD6A}.Release|Any CPU.Build.0 = Release|Any CPU
	EndGlobalSection
	GlobalSection(SolutionProperties) = preSolution
		HideSolutionNode = FALSE
	EndGlobalSection
	GlobalSection(ExtensibilityGlobals) = postSolution
		SolutionGuid = {3732A275-FF79-42F7-93AD-CFC016630844}
	EndGlobalSection
EndGlobal
